{
  "name": "nexeraid-examples",
  "lockfileVersion": 3,
  "requires": true,
  "packages": {
    "node_modules/@nexeraid/identity-sdk": {
      "version": "1.1.249",
      "resolved": "https://registry.npmjs.org/@nexeraid/identity-sdk/-/identity-sdk-1.1.249.tgz",
      "integrity": "sha512-Ye55XBwLudbeMtg/cOhP25TTxwgfOZa4pPnp8KqIXi/IG30F5n/f1JoasURzF/ppvD5LrPvFw30KTBXLCTHLZw==",
      "dependencies": {
        "@nexeraprotocol/nexera-id-schemas": "1.10.51",
        "zod": "^3.22.4"
      }
    },
    "node_modules/@nexeraprotocol/nexera-id-schemas": {
      "version": "1.10.51",
      "resolved": "https://registry.npmjs.org/@nexeraprotocol/nexera-id-schemas/-/nexera-id-schemas-1.10.51.tgz",
      "integrity": "sha512-kpP+BOkwgfj04h5ZT3W5W0zIoSBA33J88LITRg4uXRnpttEMr1DS5tOGmD3BPiRxxPHQrhihRy6hRZ4RHVmDwg==",
      "dependencies": {
        "zod": "^3.22.4"
      }
    },
    "node_modules/zod": {
      "version": "3.22.4",
      "resolved": "https://registry.npmjs.org/zod/-/zod-3.22.4.tgz",
      "integrity": "sha512-iC+8Io04lddc+mVqQ9AZ7OQ2MrUKGN+oIQyq1vemgt46jwCwLfhq7/pwnBnNXXXZb8VTVLKwp9EDkx+ryxIWmg==",
      "funding": {
        "url": "https://github.com/sponsors/colinhacks"
      }
    }
  }
}
